// !$*UTF8*$!
{
	archiveVersion = 1;
	classes = {
	};
	objectVersion = 46;
	objects = {

/* Begin PBXBuildFile section */
		A1979F971B8B4CB400B93F5F /* main.m in Sources */ = {isa = PBXBuildFile; fileRef = A1979F961B8B4CB400B93F5F /* main.m */; };
		A1979F9A1B8B4CB400B93F5F /* AppDelegate.m in Sources */ = {isa = PBXBuildFile; fileRef = A1979F991B8B4CB400B93F5F /* AppDelegate.m */; };
		A1979F9D1B8B4CB400B93F5F /* Neighborhood_ios.xcdatamodeld in Sources */ = {isa = PBXBuildFile; fileRef = A1979F9B1B8B4CB400B93F5F /* Neighborhood_ios.xcdatamodeld */; };
		A1979FA01B8B4CB400B93F5F /* ViewController.m in Sources */ = {isa = PBXBuildFile; fileRef = A1979F9F1B8B4CB400B93F5F /* ViewController.m */; };
		A1979FA31B8B4CB400B93F5F /* Main.storyboard in Resources */ = {isa = PBXBuildFile; fileRef = A1979FA11B8B4CB400B93F5F /* Main.storyboard */; };
		A1979FA51B8B4CB400B93F5F /* Images.xcassets in Resources */ = {isa = PBXBuildFile; fileRef = A1979FA41B8B4CB400B93F5F /* Images.xcassets */; };
		A1979FA81B8B4CB400B93F5F /* LaunchScreen.xib in Resources */ = {isa = PBXBuildFile; fileRef = A1979FA61B8B4CB400B93F5F /* LaunchScreen.xib */; };
		A1979FB41B8B4CB400B93F5F /* Neighborhood_iosTests.m in Sources */ = {isa = PBXBuildFile; fileRef = A1979FB31B8B4CB400B93F5F /* Neighborhood_iosTests.m */; };
/* End PBXBuildFile section */

/* Begin PBXContainerItemProxy section */
		A1979FAE1B8B4CB400B93F5F /* PBXContainerItemProxy */ = {
			isa = PBXContainerItemProxy;
			containerPortal = A1979F891B8B4CB400B93F5F /* Project object */;
			proxyType = 1;
			remoteGlobalIDString = A1979F901B8B4CB400B93F5F;
			remoteInfo = "Neighborhood-ios";
		};
/* End PBXContainerItemProxy section */

/* Begin PBXFileReference section */
		A1979F911B8B4CB400B93F5F /* Neighborhood-ios.app */ = {isa = PBXFileReference; explicitFileType = wrapper.application; includeInIndex = 0; path = "Neighborhood-ios.app"; sourceTree = BUILT_PRODUCTS_DIR; };
		A1979F951B8B4CB400B93F5F /* Info.plist */ = {isa = PBXFileReference; lastKnownFileType = text.plist.xml; path = Info.plist; sourceTree = "<group>"; };
		A1979F961B8B4CB400B93F5F /* main.m */ = {isa = PBXFileReference; lastKnownFileType = sourcecode.c.objc; path = main.m; sourceTree = "<group>"; };
		A1979F981B8B4CB400B93F5F /* AppDelegate.h */ = {isa = PBXFileReference; lastKnownFileType = sourcecode.c.h; path = AppDelegate.h; sourceTree = "<group>"; };
		A1979F991B8B4CB400B93F5F /* AppDelegate.m */ = {isa = PBXFileReference; lastKnownFileType = sourcecode.c.objc; path = AppDelegate.m; sourceTree = "<group>"; };
		A1979F9C1B8B4CB400B93F5F /* Neighborhood_ios.xcdatamodel */ = {isa = PBXFileReference; lastKnownFileType = wrapper.xcdatamodel; path = Neighborhood_ios.xcdatamodel; sourceTree = "<group>"; };
		A1979F9E1B8B4CB400B93F5F /* ViewController.h */ = {isa = PBXFileReference; lastKnownFileType = sourcecode.c.h; path = ViewController.h; sourceTree = "<group>"; };
		A1979F9F1B8B4CB400B93F5F /* ViewController.m */ = {isa = PBXFileReference; lastKnownFileType = sourcecode.c.objc; path = ViewController.m; sourceTree = "<group>"; };
		A1979FA21B8B4CB400B93F5F /* Base */ = {isa = PBXFileReference; lastKnownFileType = file.storyboard; name = Base; path = Base.lproj/Main.storyboard; sourceTree = "<group>"; };
		A1979FA41B8B4CB400B93F5F /* Images.xcassets */ = {isa = PBXFileReference; lastKnownFileType = folder.assetcatalog; path = Images.xcassets; sourceTree = "<group>"; };
		A1979FA71B8B4CB400B93F5F /* Base */ = {isa = PBXFileReference; lastKnownFileType = file.xib; name = Base; path = Base.lproj/LaunchScreen.xib; sourceTree = "<group>"; };
		A1979FAD1B8B4CB400B93F5F /* Neighborhood-iosTests.xctest */ = {isa = PBXFileReference; explicitFileType = wrapper.cfbundle; includeInIndex = 0; path = "Neighborhood-iosTests.xctest"; sourceTree = BUILT_PRODUCTS_DIR; };
		A1979FB21B8B4CB400B93F5F /* Info.plist */ = {isa = PBXFileReference; lastKnownFileType = text.plist.xml; path = Info.plist; sourceTree = "<group>"; };
		A1979FB31B8B4CB400B93F5F /* Neighborhood_iosTests.m */ = {isa = PBXFileReference; lastKnownFileType = sourcecode.c.objc; path = Neighborhood_iosTests.m; sourceTree = "<group>"; };
/* End PBXFileReference section */

/* Begin PBXFrameworksBuildPhase section */
		A1979F8E1B8B4CB400B93F5F /* Frameworks */ = {
			isa = PBXFrameworksBuildPhase;
			buildActionMask = 2147483647;
			files = (
			);
			runOnlyForDeploymentPostprocessing = 0;
		};
		A1979FAA1B8B4CB400B93F5F /* Frameworks */ = {
			isa = PBXFrameworksBuildPhase;
			buildActionMask = 2147483647;
			files = (
			);
			runOnlyForDeploymentPostprocessing = 0;
		};
/* End PBXFrameworksBuildPhase section */

/* Begin PBXGroup section */
		A1979F881B8B4CB400B93F5F = {
			isa = PBXGroup;
			children = (
				A1979F931B8B4CB400B93F5F /* Neighborhood-ios */,
				A1979FB01B8B4CB400B93F5F /* Neighborhood-iosTests */,
				A1979F921B8B4CB400B93F5F /* Products */,
			);
			sourceTree = "<group>";
		};
		A1979F921B8B4CB400B93F5F /* Products */ = {
			isa = PBXGroup;
			children = (
				A1979F911B8B4CB400B93F5F /* Neighborhood-ios.app */,
				A1979FAD1B8B4CB400B93F5F /* Neighborhood-iosTests.xctest */,
			);
			name = Products;
			sourceTree = "<group>";
		};
		A1979F931B8B4CB400B93F5F /* Neighborhood-ios */ = {
			isa = PBXGroup;
			children = (
				A1979F981B8B4CB400B93F5F /* AppDelegate.h */,
				A1979F991B8B4CB400B93F5F /* AppDelegate.m */,
				A1979F9E1B8B4CB400B93F5F /* ViewController.h */,
				A1979F9F1B8B4CB400B93F5F /* ViewController.m */,
				A1979FA11B8B4CB400B93F5F /* Main.storyboard */,
				A1979FA41B8B4CB400B93F5F /* Images.xcassets */,
				A1979FA61B8B4CB400B93F5F /* LaunchScreen.xib */,
				A1979F9B1B8B4CB400B93F5F /* Neighborhood_ios.xcdatamodeld */,
				A1979F941B8B4CB400B93F5F /* Supporting Files */,
			);
			path = "Neighborhood-ios";
			sourceTree = "<group>";
		};
		A1979F941B8B4CB400B93F5F /* Supporting Files */ = {
			isa = PBXGroup;
			children = (
				A1979F951B8B4CB400B93F5F /* Info.plist */,
				A1979F961B8B4CB400B93F5F /* main.m */,
			);
			name = "Supporting Files";
			sourceTree = "<group>";
		};
		A1979FB01B8B4CB400B93F5F /* Neighborhood-iosTests */ = {
			isa = PBXGroup;
			children = (
				A1979FB31B8B4CB400B93F5F /* Neighborhood_iosTests.m */,
				A1979FB11B8B4CB400B93F5F /* Supporting Files */,
			);
			path = "Neighborhood-iosTests";
			sourceTree = "<group>";
		};
		A1979FB11B8B4CB400B93F5F /* Supporting Files */ = {
			isa = PBXGroup;
			children = (
				A1979FB21B8B4CB400B93F5F /* Info.plist */,
			);
			name = "Supporting Files";
			sourceTree = "<group>";
		};
/* End PBXGroup section */

/* Begin PBXNativeTarget section */
		A1979F901B8B4CB400B93F5F /* Neighborhood-ios */ = {
			isa = PBXNativeTarget;
			buildConfigurationList = A1979FB71B8B4CB400B93F5F /* Build configuration list for PBXNativeTarget "Neighborhood-ios" */;
			buildPhases = (
				A1979F8D1B8B4CB400B93F5F /* Sources */,
				A1979F8E1B8B4CB400B93F5F /* Frameworks */,
				A1979F8F1B8B4CB400B93F5F /* Resources */,
			);
			buildRules = (
			);
			dependencies = (
			);
			name = "Neighborhood-ios";
			productName = "Neighborhood-ios";
			productReference = A1979F911B8B4CB400B93F5F /* Neighborhood-ios.app */;
			productType = "com.apple.product-type.application";
		};
		A1979FAC1B8B4CB400B93F5F /* Neighborhood-iosTests */ = {
			isa = PBXNativeTarget;
			buildConfigurationList = A1979FBA1B8B4CB400B93F5F /* Build configuration list for PBXNativeTarget "Neighborhood-iosTests" */;
			buildPhases = (
				A1979FA91B8B4CB400B93F5F /* Sources */,
				A1979FAA1B8B4CB400B93F5F /* Frameworks */,
				A1979FAB1B8B4CB400B93F5F /* Resources */,
			);
			buildRules = (
			);
			dependencies = (
				A1979FAF1B8B4CB400B93F5F /* PBXTargetDependency */,
			);
			name = "Neighborhood-iosTests";
			productName = "Neighborhood-iosTests";
			productReference = A1979FAD1B8B4CB400B93F5F /* Neighborhood-iosTests.xctest */;
			productType = "com.apple.product-type.bundle.unit-test";
		};
/* End PBXNativeTarget section */

/* Begin PBXProject section */
		A1979F891B8B4CB400B93F5F /* Project object */ = {
			isa = PBXProject;
			attributes = {
				LastUpgradeCheck = 0640;
				ORGANIZATIONNAME = "Danil Tulin";
				TargetAttributes = {
					A1979F901B8B4CB400B93F5F = {
						CreatedOnToolsVersion = 6.4;
					};
					A1979FAC1B8B4CB400B93F5F = {
						CreatedOnToolsVersion = 6.4;
						TestTargetID = A1979F901B8B4CB400B93F5F;
					};
				};
			};
			buildConfigurationList = A1979F8C1B8B4CB400B93F5F /* Build configuration list for PBXProject "Neighborhood-ios" */;
			compatibilityVersion = "Xcode 3.2";
			developmentRegion = English;
			hasScannedForEncodings = 0;
			knownRegions = (
				en,
				Base,
			);
			mainGroup = A1979F881B8B4CB400B93F5F;
			productRefGroup = A1979F921B8B4CB400B93F5F /* Products */;
			projectDirPath = "";
			projectRoot = "";
			targets = (
				A1979F901B8B4CB400B93F5F /* Neighborhood-ios */,
				A1979FAC1B8B4CB400B93F5F /* Neighborhood-iosTests */,
			);
		};
/* End PBXProject section */

/* Begin PBXResourcesBuildPhase section */
		A1979F8F1B8B4CB400B93F5F /* Resources */ = {
			isa = PBXResourcesBuildPhase;
			buildActionMask = 2147483647;
			files = (
				A1979FA31B8B4CB400B93F5F /* Main.storyboard in Resources */,
				A1979FA81B8B4CB400B93F5F /* LaunchScreen.xib in Resources */,
				A1979FA51B8B4CB400B93F5F /* Images.xcassets in Resources */,
			);
			runOnlyForDeploymentPostprocessing = 0;
		};
		A1979FAB1B8B4CB400B93F5F /* Resources */ = {
			isa = PBXResourcesBuildPhase;
			buildActionMask = 2147483647;
			files = (
			);
			runOnlyForDeploymentPostprocessing = 0;
		};
/* End PBXResourcesBuildPhase section */

/* Begin PBXSourcesBuildPhase section */
		A1979F8D1B8B4CB400B93F5F /* Sources */ = {
			isa = PBXSourcesBuildPhase;
			buildActionMask = 2147483647;
			files = (
				A1979F9A1B8B4CB400B93F5F /* AppDelegate.m in Sources */,
				A1979F971B8B4CB400B93F5F /* main.m in Sources */,
				A1979FA01B8B4CB400B93F5F /* ViewController.m in Sources */,
				A1979F9D1B8B4CB400B93F5F /* Neighborhood_ios.xcdatamodeld in Sources */,
			);
			runOnlyForDeploymentPostprocessing = 0;
		};
		A1979FA91B8B4CB400B93F5F /* Sources */ = {
			isa = PBXSourcesBuildPhase;
			buildActionMask = 2147483647;
			files = (
				A1979FB41B8B4CB400B93F5F /* Neighborhood_iosTests.m in Sources */,
			);
			runOnlyForDeploymentPostprocessing = 0;
		};
/* End PBXSourcesBuildPhase section */

/* Begin PBXTargetDependency section */
		A1979FAF1B8B4CB400B93F5F /* PBXTargetDependency */ = {
			isa = PBXTargetDependency;
			target = A1979F901B8B4CB400B93F5F /* Neighborhood-ios */;
			targetProxy = A1979FAE1B8B4CB400B93F5F /* PBXContainerItemProxy */;
		};
/* End PBXTargetDependency section */

/* Begin PBXVariantGroup section */
		A1979FA11B8B4CB400B93F5F /* Main.storyboard */ = {
			isa = PBXVariantGroup;
			children = (
				A1979FA21B8B4CB400B93F5F /* Base */,
			);
			name = Main.storyboard;
			sourceTree = "<group>";
		};
		A1979FA61B8B4CB400B93F5F /* LaunchScreen.xib */ = {
			isa = PBXVariantGroup;
			children = (
				A1979FA71B8B4CB400B93F5F /* Base */,
			);
			name = LaunchScreen.xib;
			sourceTree = "<group>";
		};
/* End PBXVariantGroup section */

/* Begin XCBuildConfiguration section */
		A1979FB51B8B4CB400B93F5F /* Debug */ = {
			isa = XCBuildConfiguration;
			buildSettings = {
				ALWAYS_SEARCH_USER_PATHS = NO;
				CLANG_CXX_LANGUAGE_STANDARD = "gnu++0x";
				CLANG_CXX_LIBRARY = "libc++";
				CLANG_ENABLE_MODULES = YES;
				CLANG_ENABLE_OBJC_ARC = YES;
				CLANG_WARN_BOOL_CONVERSION = YES;
				CLANG_WARN_CONSTANT_CONVERSION = YES;
				CLANG_WARN_DIRECT_OBJC_ISA_USAGE = YES_ERROR;
				CLANG_WARN_EMPTY_BODY = YES;
				CLANG_WARN_ENUM_CONVERSION = YES;
				CLANG_WARN_INT_CONVERSION = YES;
				CLANG_WARN_OBJC_ROOT_CLASS = YES_ERROR;
				CLANG_WARN_UNREACHABLE_CODE = YES;
				CLANG_WARN__DUPLICATE_METHOD_MATCH = YES;
				"CODE_SIGN_IDENTITY[sdk=iphoneos*]" = "iPhone Developer";
				COPY_PHASE_STRIP = NO;
				DEBUG_INFORMATION_FORMAT = "dwarf-with-dsym";
				ENABLE_STRICT_OBJC_MSGSEND = YES;
				GCC_C_LANGUAGE_STANDARD = gnu99;
				GCC_DYNAMIC_NO_PIC = NO;
				GCC_NO_COMMON_BLOCKS = YES;
				GCC_OPTIMIZATION_LEVEL = 0;
				GCC_PREPROCESSOR_DEFINITIONS = (
					"DEBUG=1",
					"$(inherited)",
				);
				GCC_SYMBOLS_PRIVATE_EXTERN = NO;
				GCC_WARN_64_TO_32_BIT_CONVERSION = YES;
				GCC_WARN_ABOUT_RETURN_TYPE = YES_ERROR;
				GCC_WARN_UNDECLARED_SELECTOR = YES;
				GCC_WARN_UNINITIALIZED_AUTOS = YES_AGGRESSIVE;
				GCC_WARN_UNUSED_FUNCTION = YES;
				GCC_WARN_UNUSED_VARIABLE = YES;
				IPHONEOS_DEPLOYMENT_TARGET = 8.4;
				MTL_ENABLE_DEBUG_INFO = YES;
				ONLY_ACTIVE_ARCH = YES;
				SDKROOT = iphoneos;
				TARGETED_DEVICE_FAMILY = "1,2";
			};
			name = Debug;
		};
		A1979FB61B8B4CB400B93F5F /* Release */ = {
			isa = XCBuildConfiguration;
			buildSettings = {
				ALWAYS_SEARCH_USER_PATHS = NO;
				CLANG_CXX_LANGUAGE_STANDARD = "gnu++0x";
				CLANG_CXX_LIBRARY = "libc++";
				CLANG_ENABLE_MODULES = YES;
				CLANG_ENABLE_OBJC_ARC = YES;
				CLANG_WARN_BOOL_CONVERSION = YES;
				CLANG_WARN_CONSTANT_CONVERSION = YES;
				CLANG_WARN_DIRECT_OBJC_ISA_USAGE = YES_ERROR;
				CLANG_WARN_EMPTY_BODY = YES;
				CLANG_WARN_ENUM_CONVERSION = YES;
				CLANG_WARN_INT_CONVERSION = YES;
				CLANG_WARN_OBJC_ROOT_CLASS = YES_ERROR;
				CLANG_WARN_UNREACHABLE_CODE = YES;
				CLANG_WARN__DUPLICATE_METHOD_MATCH = YES;
				"CODE_SIGN_IDENTITY[sdk=iphoneos*]" = "iPhone Developer";
				COPY_PHASE_STRIP = NO;
				DEBUG_INFORMATION_FORMAT = "dwarf-with-dsym";
				ENABLE_NS_ASSERTIONS = NO;
				ENABLE_STRICT_OBJC_MSGSEND = YES;
				GCC_C_LANGUAGE_STANDARD = gnu99;
				GCC_NO_COMMON_BLOCKS = YES;
				GCC_WARN_64_TO_32_BIT_CONVERSION = YES;
				GCC_WARN_ABOUT_RETURN_TYPE = YES_ERROR;
				GCC_WARN_UNDECLARED_SELECTOR = YES;
				GCC_WARN_UNINITIALIZED_AUTOS = YES_AGGRESSIVE;
				GCC_WARN_UNUSED_FUNCTION = YES;
				GCC_WARN_UNUSED_VARIABLE = YES;
				IPHONEOS_DEPLOYMENT_TARGET = 8.4;
				MTL_ENABLE_DEBUG_INFO = NO;
				SDKROOT = iphoneos;
				TARGETED_DEVICE_FAMILY = "1,2";
				VALIDATE_PRODUCT = YES;
			};
			name = Release;
		};
		A1979FB81B8B4CB400B93F5F /* Debug */ = {
			isa = XCBuildConfiguration;
			buildSettings = {
				ASSETCATALOG_COMPILER_APPICON_NAME = AppIcon;
				INFOPLIST_FILE = "Neighborhood-ios/Info.plist";
				LD_RUNPATH_SEARCH_PATHS = "$(inherited) @executable_path/Frameworks";
				PRODUCT_NAME = "$(TARGET_NAME)";
			};
			name = Debug;
		};
		A1979FB91B8B4CB400B93F5F /* Release */ = {
			isa = XCBuildConfiguration;
			buildSettings = {
				ASSETCATALOG_COMPILER_APPICON_NAME = AppIcon;
				INFOPLIST_FILE = "Neighborhood-ios/Info.plist";
				LD_RUNPATH_SEARCH_PATHS = "$(inherited) @executable_path/Frameworks";
				PRODUCT_NAME = "$(TARGET_NAME)";
			};
			name = Release;
		};
		A1979FBB1B8B4CB400B93F5F /* Debug */ = {
			isa = XCBuildConfiguration;
			buildSettings = {
				BUNDLE_LOADER = "$(TEST_HOST)";
				FRAMEWORK_SEARCH_PATHS = (
					"$(SDKROOT)/Developer/Library/Frameworks",
					"$(inherited)",
				);
				GCC_PREPROCESSOR_DEFINITIONS = (
					"DEBUG=1",
					"$(inherited)",
				);
				INFOPLIST_FILE = "Neighborhood-iosTests/Info.plist";
				LD_RUNPATH_SEARCH_PATHS = "$(inherited) @executable_path/Frameworks @loader_path/Frameworks";
				PRODUCT_NAME = "$(TARGET_NAME)";
				TEST_HOST = "$(BUILT_PRODUCTS_DIR)/Neighborhood-ios.app/Neighborhood-ios";
			};
			name = Debug;
		};
		A1979FBC1B8B4CB400B93F5F /* Release */ = {
			isa = XCBuildConfiguration;
			buildSettings = {
				BUNDLE_LOADER = "$(TEST_HOST)";
				FRAMEWORK_SEARCH_PATHS = (
					"$(SDKROOT)/Developer/Library/Frameworks",
					"$(inherited)",
				);
				INFOPLIST_FILE = "Neighborhood-iosTests/Info.plist";
				LD_RUNPATH_SEARCH_PATHS = "$(inherited) @executable_path/Frameworks @loader_path/Frameworks";
				PRODUCT_NAME = "$(TARGET_NAME)";
				TEST_HOST = "$(BUILT_PRODUCTS_DIR)/Neighborhood-ios.app/Neighborhood-ios";
			};
			name = Release;
		};
/* End XCBuildConfiguration section */

/* Begin XCConfigurationList section */
		A1979F8C1B8B4CB400B93F5F /* Build configuration list for PBXProject "Neighborhood-ios" */ = {
			isa = XCConfigurationList;
			buildConfigurations = (
				A1979FB51B8B4CB400B93F5F /* Debug */,
				A1979FB61B8B4CB400B93F5F /* Release */,
			);
			defaultConfigurationIsVisible = 0;
			defaultConfigurationName = Release;
		};
		A1979FB71B8B4CB400B93F5F /* Build configuration list for PBXNativeTarget "Neighborhood-ios" */ = {
			isa = XCConfigurationList;
			buildConfigurations = (
				A1979FB81B8B4CB400B93F5F /* Debug */,
				A1979FB91B8B4CB400B93F5F /* Release */,
			);
			defaultConfigurationIsVisible = 0;
		};
		A1979FBA1B8B4CB400B93F5F /* Build configuration list for PBXNativeTarget "Neighborhood-iosTests" */ = {
			isa = XCConfigurationList;
			buildConfigurations = (
				A1979FBB1B8B4CB400B93F5F /* Debug */,
				A1979FBC1B8B4CB400B93F5F /* Release */,
			);
			defaultConfigurationIsVisible = 0;
		};
/* End XCConfigurationList section */

/* Begin XCVersionGroup section */
		A1979F9B1B8B4CB400B93F5F /* Neighborhood_ios.xcdatamodeld */ = {
			isa = XCVersionGroup;
			children = (
				A1979F9C1B8B4CB400B93F5F /* Neighborhood_ios.xcdatamodel */,
			);
			currentVersion = A1979F9C1B8B4CB400B93F5F /* Neighborhood_ios.xcdatamodel */;
			path = Neighborhood_ios.xcdatamodeld;
			sourceTree = "<group>";
			versionGroupType = wrapper.xcdatamodel;
		};
/* End XCVersionGroup section */
	};
	rootObject = A1979F891B8B4CB400B93F5F /* Project object */;
}
